{
  "requires": true,
  "lockfileVersion": 1,
  "dependencies": {
    "@stencil/core": {
      "version": "1.17.3",
      "resolved": "https://registry.npm.taobao.org/@stencil/core/download/@stencil/core-1.17.3.tgz",
      "integrity": "sha1-2xn0xwe3Sb7vXPETkWxSUq1cmd4=",
      "requires": {
        "typescript": "3.9.7"
      }
    },
    "typescript": {
      "version": "3.9.7",
      "resolved": "https://registry.npm.taobao.org/typescript/download/typescript-3.9.7.tgz?cache=0&sync_timestamp=1598251995417&other_urls=https%3A%2F%2Fregistry.npm.taobao.org%2Ftypescript%2Fdownload%2Ftypescript-3.9.7.tgz",
      "integrity": "sha1-mNYApevcOPQMsndSLxLcgA6eJfo="
    }
  }
}
