{
  "name": "@laurentghys/tokyo-cms-core",
  "version": "0.0.1",
  "lockfileVersion": 1,
  "requires": true,
  "dependencies": {
    "@stencil/core": {
      "version": "1.17.3",
      "resolved": "https://registry.npm.taobao.org/@stencil/core/download/@stencil/core-1.17.3.tgz",
      "integrity": "sha1-2xn0xwe3Sb7vXPETkWxSUq1cmd4=",
      "requires": {
        "typescript": "3.9.7"
      }
    },
    "@stencil/store": {
      "version": "1.3.0",
      "resolved": "https://registry.npm.taobao.org/@stencil/store/download/@stencil/store-1.3.0.tgz",
      "integrity": "sha1-aU60Tle9I6XAdVrAYtMzU4jc9bI=",
      "dev": true
    },
    "typescript": {
      "version": "3.9.7",
      "resolved": "https://registry.npm.taobao.org/typescript/download/typescript-3.9.7.tgz?cache=0&sync_timestamp=1598338447124&other_urls=https%3A%2F%2Fregistry.npm.taobao.org%2Ftypescript%2Fdownload%2Ftypescript-3.9.7.tgz",
      "integrity": "sha1-mNYApevcOPQMsndSLxLcgA6eJfo="
    }
  }
}
